
Microsoft Visual Studio Solution File, Format Version 12.00
# Visual Studio Version 16
VisualStudioVersion = 16.0.28917.181
MinimumVisualStudioVersion = 10.0.40219.1
Project("{9A19103F-16F7-4668-BE54-9A1E7A4F7556}") = "ORT", "ORT\ORT.csproj", "{8D14031F-90E7-4724-AB2B-E64836471967}"
EndProject
Project("{9A19103F-16F7-4668-BE54-9A1E7A4F7556}") = "AppWeb", "AppWeb\AppWeb.csproj", "{61FC27A1-C7DE-4516-9058-01374BF838BC}"
EndProject
Project("{9A19103F-16F7-4668-BE54-9A1E7A4F7556}") = "Microservicio", "Microservicio\Microservicio.csproj", "{F85DE335-767D-40E3-BF76-EB2749D527BC}"
EndProject
Global
	GlobalSection(SolutionConfigurationPlatforms) = preSolution
		Debug|Any CPU = Debug|Any CPU
		Release|Any CPU = Release|Any CPU
	EndGlobalSection
	GlobalSection(ProjectConfigurationPlatforms) = postSolution
		{8D14031F-90E7-4724-AB2B-E64836471967}.Debug|Any CPU.ActiveCfg = Debug|Any CPU
		{8D14031F-90E7-4724-AB2B-E64836471967}.Debug|Any CPU.Build.0 = Debug|Any CPU
		{8D14031F-90E7-4724-AB2B-E64836471967}.Release|Any CPU.ActiveCfg = Release|Any CPU
		{8D14031F-90E7-4724-AB2B-E64836471967}.Release|Any CPU.Build.0 = Release|Any CPU
		{61FC27A1-C7DE-4516-9058-01374BF838BC}.Debug|Any CPU.ActiveCfg = Debug|Any CPU
		{61FC27A1-C7DE-4516-9058-01374BF838BC}.Debug|Any CPU.Build.0 = Debug|Any CPU
		{61FC27A1-C7DE-4516-9058-01374BF838BC}.Release|Any CPU.ActiveCfg = Release|Any CPU
		{61FC27A1-C7DE-4516-9058-01374BF838BC}.Release|Any CPU.Build.0 = Release|Any CPU
		{F85DE335-767D-40E3-BF76-EB2749D527BC}.Debug|Any CPU.ActiveCfg = Debug|Any CPU
		{F85DE335-767D-40E3-BF76-EB2749D527BC}.Debug|Any CPU.Build.0 = Debug|Any CPU
		{F85DE335-767D-40E3-BF76-EB2749D527BC}.Release|Any CPU.ActiveCfg = Release|Any CPU
		{F85DE335-767D-40E3-BF76-EB2749D527BC}.Release|Any CPU.Build.0 = Release|Any CPU
	EndGlobalSection
	GlobalSection(SolutionProperties) = preSolution
		HideSolutionNode = FALSE
	EndGlobalSection
	GlobalSection(ExtensibilityGlobals) = postSolution
		SolutionGuid = {C2332D7F-31A9-418D-A4D3-F77830EF7652}
	EndGlobalSection
EndGlobal
